
Microsoft Visual Studio Solution File, Format Version 12.00
Project("{FAE04EC0-301F-11D3-BF4B-00C04F79EFBC}") = "Sandbox", "Sandbox\Sandbox.csproj", "{2DDC4A4B-7975-4A85-BA3C-250632BCB397}"
EndProject
Project("{FAE04EC0-301F-11D3-BF4B-00C04F79EFBC}") = "PayU Kit", "PayU Kit\PayU Kit.csproj", "{6996C752-3197-4E2B-BB7A-FA94E805BD10}"
EndProject
Global
	GlobalSection(SolutionConfigurationPlatforms) = preSolution
		Debug|Any CPU = Debug|Any CPU
		Release|Any CPU = Release|Any CPU
	EndGlobalSection
	GlobalSection(ProjectConfigurationPlatforms) = postSolution
		{2DDC4A4B-7975-4A85-BA3C-250632BCB397}.Debug|Any CPU.ActiveCfg = Debug|Any CPU
		{2DDC4A4B-7975-4A85-BA3C-250632BCB397}.Debug|Any CPU.Build.0 = Debug|Any CPU
		{2DDC4A4B-7975-4A85-BA3C-250632BCB397}.Release|Any CPU.ActiveCfg = Release|Any CPU
		{2DDC4A4B-7975-4A85-BA3C-250632BCB397}.Release|Any CPU.Build.0 = Release|Any CPU
		{6996C752-3197-4E2B-BB7A-FA94E805BD10}.Debug|Any CPU.ActiveCfg = Debug|Any CPU
		{6996C752-3197-4E2B-BB7A-FA94E805BD10}.Debug|Any CPU.Build.0 = Debug|Any CPU
		{6996C752-3197-4E2B-BB7A-FA94E805BD10}.Release|Any CPU.ActiveCfg = Release|Any CPU
		{6996C752-3197-4E2B-BB7A-FA94E805BD10}.Release|Any CPU.Build.0 = Release|Any CPU
	EndGlobalSection
EndGlobal
